
Microsoft Visual Studio Solution File, Format Version 12.00
# Visual Studio 15
VisualStudioVersion = 15.0.28010.2003
MinimumVisualStudioVersion = 10.0.40219.1
Project("{FAE04EC0-301F-11D3-BF4B-00C04F79EFBC}") = "Capstone7", "Capstone7\Capstone7.csproj", "{E489936F-7CC5-45FC-83AD-B2EC431EF5DD}"
EndProject
Global
	GlobalSection(SolutionConfigurationPlatforms) = preSolution
		Debug|Any CPU = Debug|Any CPU
		Release|Any CPU = Release|Any CPU
	EndGlobalSection
	GlobalSection(ProjectConfigurationPlatforms) = postSolution
		{E489936F-7CC5-45FC-83AD-B2EC431EF5DD}.Debug|Any CPU.ActiveCfg = Debug|Any CPU
		{E489936F-7CC5-45FC-83AD-B2EC431EF5DD}.Debug|Any CPU.Build.0 = Debug|Any CPU
		{E489936F-7CC5-45FC-83AD-B2EC431EF5DD}.Release|Any CPU.ActiveCfg = Release|Any CPU
		{E489936F-7CC5-45FC-83AD-B2EC431EF5DD}.Release|Any CPU.Build.0 = Release|Any CPU
	EndGlobalSection
	GlobalSection(SolutionProperties) = preSolution
		HideSolutionNode = FALSE
	EndGlobalSection
	GlobalSection(ExtensibilityGlobals) = postSolution
		SolutionGuid = {B6AD31BB-62CD-4DBC-9B06-E2B8B975E24C}
	EndGlobalSection
EndGlobal
